Microsoft Visual Studio Solution File, Format Version 11.00
# Visual Studio 2008

Project("{D37C550D-781B-FB93-B008-8A2470598BCF}") = "Stars", "Assembly-CSharp-firstpass-vs.csproj", "{D49CBC30-8C79-7EA6-3F6F-C328575A12E9}"
EndProject
Project("{D37C550D-781B-FB93-B008-8A2470598BCF}") = "Stars", "Assembly-CSharp-vs.csproj", "{E78655DB-A87E-0DDD-2EDB-8BF758D58FCB}"
EndProject
Project("{D37C550D-781B-FB93-B008-8A2470598BCF}") = "Stars", "Assembly-CSharp-Editor-vs.csproj", "{8BD9B3C6-CACA-058C-5AC5-4FEAB70F78DA}"
EndProject
Global
	GlobalSection(SolutionConfigurationPlatforms) = preSolution
		Debug|Any CPU = Debug|Any CPU
		Release|Any CPU = Release|Any CPU
	EndGlobalSection
	GlobalSection(ProjectConfigurationPlatforms) = postSolution
		{D49CBC30-8C79-7EA6-3F6F-C328575A12E9}.Debug|Any CPU.ActiveCfg = Debug|Any CPU
		{D49CBC30-8C79-7EA6-3F6F-C328575A12E9}.Debug|Any CPU.Build.0 = Debug|Any CPU
		{D49CBC30-8C79-7EA6-3F6F-C328575A12E9}.Release|Any CPU.ActiveCfg = Release|Any CPU
		{D49CBC30-8C79-7EA6-3F6F-C328575A12E9}.Release|Any CPU.Build.0 = Release|Any CPU
		{E78655DB-A87E-0DDD-2EDB-8BF758D58FCB}.Debug|Any CPU.ActiveCfg = Debug|Any CPU
		{E78655DB-A87E-0DDD-2EDB-8BF758D58FCB}.Debug|Any CPU.Build.0 = Debug|Any CPU
		{E78655DB-A87E-0DDD-2EDB-8BF758D58FCB}.Release|Any CPU.ActiveCfg = Release|Any CPU
		{E78655DB-A87E-0DDD-2EDB-8BF758D58FCB}.Release|Any CPU.Build.0 = Release|Any CPU
		{8BD9B3C6-CACA-058C-5AC5-4FEAB70F78DA}.Debug|Any CPU.ActiveCfg = Debug|Any CPU
		{8BD9B3C6-CACA-058C-5AC5-4FEAB70F78DA}.Debug|Any CPU.Build.0 = Debug|Any CPU
		{8BD9B3C6-CACA-058C-5AC5-4FEAB70F78DA}.Release|Any CPU.ActiveCfg = Release|Any CPU
		{8BD9B3C6-CACA-058C-5AC5-4FEAB70F78DA}.Release|Any CPU.Build.0 = Release|Any CPU
	EndGlobalSection
	GlobalSection(SolutionProperties) = preSolution
		HideSolutionNode = FALSE
	EndGlobalSection
																																									GlobalSection(MonoDevelopProperties) = preSolution
		StartupItem = Assembly-CSharp.csproj
		Policies = $0
		$0.TextStylePolicy = $1
		$1.inheritsSet = null
		$1.scope = text/x-csharp
		$0.CSharpFormattingPolicy = $2
		$2.inheritsSet = Mono
		$2.inheritsScope = text/x-csharp
		$2.scope = text/x-csharp
		$0.TextStylePolicy = $3
		$3.FileWidth = 120
		$3.TabWidth = 4
		$3.EolMarker = Unix
		$3.inheritsSet = Mono
		$3.inheritsScope = text/plain
		$3.scope = text/plain
	EndGlobalSection

EndGlobal
